// !$*UTF8*$!
{
	archiveVersion = 1;
	classes = {
	};
	objectVersion = 46;
	objects = {

/* Begin PBXBuildFile section */
		FC7C0ADD1CC108470064776A /* main.m in Sources */ = {isa = PBXBuildFile; fileRef = FC7C0ADC1CC108470064776A /* main.m */; };
		FC7C0AE01CC108470064776A /* AppDelegate.m in Sources */ = {isa = PBXBuildFile; fileRef = FC7C0ADF1CC108470064776A /* AppDelegate.m */; };
		FC7C0AE31CC108470064776A /* ViewController.m in Sources */ = {isa = PBXBuildFile; fileRef = FC7C0AE21CC108470064776A /* ViewController.m */; };
		FC7C0AE61CC108470064776A /* Main.storyboard in Resources */ = {isa = PBXBuildFile; fileRef = FC7C0AE41CC108470064776A /* Main.storyboard */; };
		FC7C0AE81CC108470064776A /* Images.xcassets in Resources */ = {isa = PBXBuildFile; fileRef = FC7C0AE71CC108470064776A /* Images.xcassets */; };
		FC7C0AEB1CC108470064776A /* LaunchScreen.xib in Resources */ = {isa = PBXBuildFile; fileRef = FC7C0AE91CC108470064776A /* LaunchScreen.xib */; };
		FC7C0AF71CC108470064776A /* EstimationTests.m in Sources */ = {isa = PBXBuildFile; fileRef = FC7C0AF61CC108470064776A /* EstimationTests.m */; };
/* End PBXBuildFile section */

/* Begin PBXContainerItemProxy section */
		FC7C0AF11CC108470064776A /* PBXContainerItemProxy */ = {
			isa = PBXContainerItemProxy;
			containerPortal = FC7C0ACF1CC108470064776A /* Project object */;
			proxyType = 1;
			remoteGlobalIDString = FC7C0AD61CC108470064776A;
			remoteInfo = Estimation;
		};
/* End PBXContainerItemProxy section */

/* Begin PBXFileReference section */
		FC7C0AD71CC108470064776A /* Estimation.app */ = {isa = PBXFileReference; explicitFileType = wrapper.application; includeInIndex = 0; path = Estimation.app; sourceTree = BUILT_PRODUCTS_DIR; };
		FC7C0ADB1CC108470064776A /* Info.plist */ = {isa = PBXFileReference; lastKnownFileType = text.plist.xml; path = Info.plist; sourceTree = "<group>"; };
		FC7C0ADC1CC108470064776A /* main.m */ = {isa = PBXFileReference; lastKnownFileType = sourcecode.c.objc; path = main.m; sourceTree = "<group>"; };
		FC7C0ADE1CC108470064776A /* AppDelegate.h */ = {isa = PBXFileReference; lastKnownFileType = sourcecode.c.h; path = AppDelegate.h; sourceTree = "<group>"; };
		FC7C0ADF1CC108470064776A /* AppDelegate.m */ = {isa = PBXFileReference; lastKnownFileType = sourcecode.c.objc; path = AppDelegate.m; sourceTree = "<group>"; };
		FC7C0AE11CC108470064776A /* ViewController.h */ = {isa = PBXFileReference; lastKnownFileType = sourcecode.c.h; path = ViewController.h; sourceTree = "<group>"; };
		FC7C0AE21CC108470064776A /* ViewController.m */ = {isa = PBXFileReference; lastKnownFileType = sourcecode.c.objc; path = ViewController.m; sourceTree = "<group>"; };
		FC7C0AE51CC108470064776A /* Base */ = {isa = PBXFileReference; lastKnownFileType = file.storyboard; name = Base; path = Base.lproj/Main.storyboard; sourceTree = "<group>"; };
		FC7C0AE71CC108470064776A /* Images.xcassets */ = {isa = PBXFileReference; lastKnownFileType = folder.assetcatalog; path = Images.xcassets; sourceTree = "<group>"; };
		FC7C0AEA1CC108470064776A /* Base */ = {isa = PBXFileReference; lastKnownFileType = file.xib; name = Base; path = Base.lproj/LaunchScreen.xib; sourceTree = "<group>"; };
		FC7C0AF01CC108470064776A /* EstimationTests.xctest */ = {isa = PBXFileReference; explicitFileType = wrapper.cfbundle; includeInIndex = 0; path = EstimationTests.xctest; sourceTree = BUILT_PRODUCTS_DIR; };
		FC7C0AF51CC108470064776A /* Info.plist */ = {isa = PBXFileReference; lastKnownFileType = text.plist.xml; path = Info.plist; sourceTree = "<group>"; };
		FC7C0AF61CC108470064776A /* EstimationTests.m */ = {isa = PBXFileReference; lastKnownFileType = sourcecode.c.objc; path = EstimationTests.m; sourceTree = "<group>"; };
/* End PBXFileReference section */

/* Begin PBXFrameworksBuildPhase section */
		FC7C0AD41CC108470064776A /* Frameworks */ = {
			isa = PBXFrameworksBuildPhase;
			buildActionMask = 2147483647;
			files = (
			);
			runOnlyForDeploymentPostprocessing = 0;
		};
		FC7C0AED1CC108470064776A /* Frameworks */ = {
			isa = PBXFrameworksBuildPhase;
			buildActionMask = 2147483647;
			files = (
			);
			runOnlyForDeploymentPostprocessing = 0;
		};
/* End PBXFrameworksBuildPhase section */

/* Begin PBXGroup section */
		FC7C0ACE1CC108470064776A = {
			isa = PBXGroup;
			children = (
				FC7C0AD91CC108470064776A /* Estimation */,
				FC7C0AF31CC108470064776A /* EstimationTests */,
				FC7C0AD81CC108470064776A /* Products */,
			);
			sourceTree = "<group>";
		};
		FC7C0AD81CC108470064776A /* Products */ = {
			isa = PBXGroup;
			children = (
				FC7C0AD71CC108470064776A /* Estimation.app */,
				FC7C0AF01CC108470064776A /* EstimationTests.xctest */,
			);
			name = Products;
			sourceTree = "<group>";
		};
		FC7C0AD91CC108470064776A /* Estimation */ = {
			isa = PBXGroup;
			children = (
				FC7C0ADE1CC108470064776A /* AppDelegate.h */,
				FC7C0ADF1CC108470064776A /* AppDelegate.m */,
				FC7C0AE11CC108470064776A /* ViewController.h */,
				FC7C0AE21CC108470064776A /* ViewController.m */,
				FC7C0AE41CC108470064776A /* Main.storyboard */,
				FC7C0AE71CC108470064776A /* Images.xcassets */,
				FC7C0AE91CC108470064776A /* LaunchScreen.xib */,
				FC7C0ADA1CC108470064776A /* Supporting Files */,
			);
			path = Estimation;
			sourceTree = "<group>";
		};
		FC7C0ADA1CC108470064776A /* Supporting Files */ = {
			isa = PBXGroup;
			children = (
				FC7C0ADB1CC108470064776A /* Info.plist */,
				FC7C0ADC1CC108470064776A /* main.m */,
			);
			name = "Supporting Files";
			sourceTree = "<group>";
		};
		FC7C0AF31CC108470064776A /* EstimationTests */ = {
			isa = PBXGroup;
			children = (
				FC7C0AF61CC108470064776A /* EstimationTests.m */,
				FC7C0AF41CC108470064776A /* Supporting Files */,
			);
			path = EstimationTests;
			sourceTree = "<group>";
		};
		FC7C0AF41CC108470064776A /* Supporting Files */ = {
			isa = PBXGroup;
			children = (
				FC7C0AF51CC108470064776A /* Info.plist */,
			);
			name = "Supporting Files";
			sourceTree = "<group>";
		};
/* End PBXGroup section */

/* Begin PBXNativeTarget section */
		FC7C0AD61CC108470064776A /* Estimation */ = {
			isa = PBXNativeTarget;
			buildConfigurationList = FC7C0AFA1CC108470064776A /* Build configuration list for PBXNativeTarget "Estimation" */;
			buildPhases = (
				FC7C0AD31CC108470064776A /* Sources */,
				FC7C0AD41CC108470064776A /* Frameworks */,
				FC7C0AD51CC108470064776A /* Resources */,
			);
			buildRules = (
			);
			dependencies = (
			);
			name = Estimation;
			productName = Estimation;
			productReference = FC7C0AD71CC108470064776A /* Estimation.app */;
			productType = "com.apple.product-type.application";
		};
		FC7C0AEF1CC108470064776A /* EstimationTests */ = {
			isa = PBXNativeTarget;
			buildConfigurationList = FC7C0AFD1CC108470064776A /* Build configuration list for PBXNativeTarget "EstimationTests" */;
			buildPhases = (
				FC7C0AEC1CC108470064776A /* Sources */,
				FC7C0AED1CC108470064776A /* Frameworks */,
				FC7C0AEE1CC108470064776A /* Resources */,
			);
			buildRules = (
			);
			dependencies = (
				FC7C0AF21CC108470064776A /* PBXTargetDependency */,
			);
			name = EstimationTests;
			productName = EstimationTests;
			productReference = FC7C0AF01CC108470064776A /* EstimationTests.xctest */;
			productType = "com.apple.product-type.bundle.unit-test";
		};
/* End PBXNativeTarget section */

/* Begin PBXProject section */
		FC7C0ACF1CC108470064776A /* Project object */ = {
			isa = PBXProject;
			attributes = {
				LastUpgradeCheck = 0640;
				ORGANIZATIONNAME = zhanghong;
				TargetAttributes = {
					FC7C0AD61CC108470064776A = {
						CreatedOnToolsVersion = 6.4;
					};
					FC7C0AEF1CC108470064776A = {
						CreatedOnToolsVersion = 6.4;
						TestTargetID = FC7C0AD61CC108470064776A;
					};
				};
			};
			buildConfigurationList = FC7C0AD21CC108470064776A /* Build configuration list for PBXProject "Estimation" */;
			compatibilityVersion = "Xcode 3.2";
			developmentRegion = English;
			hasScannedForEncodings = 0;
			knownRegions = (
				en,
				Base,
			);
			mainGroup = FC7C0ACE1CC108470064776A;
			productRefGroup = FC7C0AD81CC108470064776A /* Products */;
			projectDirPath = "";
			projectRoot = "";
			targets = (
				FC7C0AD61CC108470064776A /* Estimation */,
				FC7C0AEF1CC108470064776A /* EstimationTests */,
			);
		};
/* End PBXProject section */

/* Begin PBXResourcesBuildPhase section */
		FC7C0AD51CC108470064776A /* Resources */ = {
			isa = PBXResourcesBuildPhase;
			buildActionMask = 2147483647;
			files = (
				FC7C0AE61CC108470064776A /* Main.storyboard in Resources */,
				FC7C0AEB1CC108470064776A /* LaunchScreen.xib in Resources */,
				FC7C0AE81CC108470064776A /* Images.xcassets in Resources */,
			);
			runOnlyForDeploymentPostprocessing = 0;
		};
		FC7C0AEE1CC108470064776A /* Resources */ = {
			isa = PBXResourcesBuildPhase;
			buildActionMask = 2147483647;
			files = (
			);
			runOnlyForDeploymentPostprocessing = 0;
		};
/* End PBXResourcesBuildPhase section */

/* Begin PBXSourcesBuildPhase section */
		FC7C0AD31CC108470064776A /* Sources */ = {
			isa = PBXSourcesBuildPhase;
			buildActionMask = 2147483647;
			files = (
				FC7C0AE31CC108470064776A /* ViewController.m in Sources */,
				FC7C0AE01CC108470064776A /* AppDelegate.m in Sources */,
				FC7C0ADD1CC108470064776A /* main.m in Sources */,
			);
			runOnlyForDeploymentPostprocessing = 0;
		};
		FC7C0AEC1CC108470064776A /* Sources */ = {
			isa = PBXSourcesBuildPhase;
			buildActionMask = 2147483647;
			files = (
				FC7C0AF71CC108470064776A /* EstimationTests.m in Sources */,
			);
			runOnlyForDeploymentPostprocessing = 0;
		};
/* End PBXSourcesBuildPhase section */

/* Begin PBXTargetDependency section */
		FC7C0AF21CC108470064776A /* PBXTargetDependency */ = {
			isa = PBXTargetDependency;
			target = FC7C0AD61CC108470064776A /* Estimation */;
			targetProxy = FC7C0AF11CC108470064776A /* PBXContainerItemProxy */;
		};
/* End PBXTargetDependency section */

/* Begin PBXVariantGroup section */
		FC7C0AE41CC108470064776A /* Main.storyboard */ = {
			isa = PBXVariantGroup;
			children = (
				FC7C0AE51CC108470064776A /* Base */,
			);
			name = Main.storyboard;
			sourceTree = "<group>";
		};
		FC7C0AE91CC108470064776A /* LaunchScreen.xib */ = {
			isa = PBXVariantGroup;
			children = (
				FC7C0AEA1CC108470064776A /* Base */,
			);
			name = LaunchScreen.xib;
			sourceTree = "<group>";
		};
/* End PBXVariantGroup section */

/* Begin XCBuildConfiguration section */
		FC7C0AF81CC108470064776A /* Debug */ = {
			isa = XCBuildConfiguration;
			buildSettings = {
				ALWAYS_SEARCH_USER_PATHS = NO;
				CLANG_CXX_LANGUAGE_STANDARD = "gnu++0x";
				CLANG_CXX_LIBRARY = "libc++";
				CLANG_ENABLE_MODULES = YES;
				CLANG_ENABLE_OBJC_ARC = YES;
				CLANG_WARN_BOOL_CONVERSION = YES;
				CLANG_WARN_CONSTANT_CONVERSION = YES;
				CLANG_WARN_DIRECT_OBJC_ISA_USAGE = YES_ERROR;
				CLANG_WARN_EMPTY_BODY = YES;
				CLANG_WARN_ENUM_CONVERSION = YES;
				CLANG_WARN_INT_CONVERSION = YES;
				CLANG_WARN_OBJC_ROOT_CLASS = YES_ERROR;
				CLANG_WARN_UNREACHABLE_CODE = YES;
				CLANG_WARN__DUPLICATE_METHOD_MATCH = YES;
				"CODE_SIGN_IDENTITY[sdk=iphoneos*]" = "iPhone Developer";
				COPY_PHASE_STRIP = NO;
				DEBUG_INFORMATION_FORMAT = "dwarf-with-dsym";
				ENABLE_STRICT_OBJC_MSGSEND = YES;
				GCC_C_LANGUAGE_STANDARD = gnu99;
				GCC_DYNAMIC_NO_PIC = NO;
				GCC_NO_COMMON_BLOCKS = YES;
				GCC_OPTIMIZATION_LEVEL = 0;
				GCC_PREPROCESSOR_DEFINITIONS = (
					"DEBUG=1",
					"$(inherited)",
				);
				GCC_SYMBOLS_PRIVATE_EXTERN = NO;
				GCC_WARN_64_TO_32_BIT_CONVERSION = YES;
				GCC_WARN_ABOUT_RETURN_TYPE = YES_ERROR;
				GCC_WARN_UNDECLARED_SELECTOR = YES;
				GCC_WARN_UNINITIALIZED_AUTOS = YES_AGGRESSIVE;
				GCC_WARN_UNUSED_FUNCTION = YES;
				GCC_WARN_UNUSED_VARIABLE = YES;
				IPHONEOS_DEPLOYMENT_TARGET = 8.4;
				MTL_ENABLE_DEBUG_INFO = YES;
				ONLY_ACTIVE_ARCH = YES;
				SDKROOT = iphoneos;
				TARGETED_DEVICE_FAMILY = 2;
			};
			name = Debug;
		};
		FC7C0AF91CC108470064776A /* Release */ = {
			isa = XCBuildConfiguration;
			buildSettings = {
				ALWAYS_SEARCH_USER_PATHS = NO;
				CLANG_CXX_LANGUAGE_STANDARD = "gnu++0x";
				CLANG_CXX_LIBRARY = "libc++";
				CLANG_ENABLE_MODULES = YES;
				CLANG_ENABLE_OBJC_ARC = YES;
				CLANG_WARN_BOOL_CONVERSION = YES;
				CLANG_WARN_CONSTANT_CONVERSION = YES;
				CLANG_WARN_DIRECT_OBJC_ISA_USAGE = YES_ERROR;
				CLANG_WARN_EMPTY_BODY = YES;
				CLANG_WARN_ENUM_CONVERSION = YES;
				CLANG_WARN_INT_CONVERSION = YES;
				CLANG_WARN_OBJC_ROOT_CLASS = YES_ERROR;
				CLANG_WARN_UNREACHABLE_CODE = YES;
				CLANG_WARN__DUPLICATE_METHOD_MATCH = YES;
				"CODE_SIGN_IDENTITY[sdk=iphoneos*]" = "iPhone Developer";
				COPY_PHASE_STRIP = NO;
				DEBUG_INFORMATION_FORMAT = "dwarf-with-dsym";
				ENABLE_NS_ASSERTIONS = NO;
				ENABLE_STRICT_OBJC_MSGSEND = YES;
				GCC_C_LANGUAGE_STANDARD = gnu99;
				GCC_NO_COMMON_BLOCKS = YES;
				GCC_WARN_64_TO_32_BIT_CONVERSION = YES;
				GCC_WARN_ABOUT_RETURN_TYPE = YES_ERROR;
				GCC_WARN_UNDECLARED_SELECTOR = YES;
				GCC_WARN_UNINITIALIZED_AUTOS = YES_AGGRESSIVE;
				GCC_WARN_UNUSED_FUNCTION = YES;
				GCC_WARN_UNUSED_VARIABLE = YES;
				IPHONEOS_DEPLOYMENT_TARGET = 8.4;
				MTL_ENABLE_DEBUG_INFO = NO;
				SDKROOT = iphoneos;
				TARGETED_DEVICE_FAMILY = 2;
				VALIDATE_PRODUCT = YES;
			};
			name = Release;
		};
		FC7C0AFB1CC108470064776A /* Debug */ = {
			isa = XCBuildConfiguration;
			buildSettings = {
				ASSETCATALOG_COMPILER_APPICON_NAME = AppIcon;
				INFOPLIST_FILE = Estimation/Info.plist;
				LD_RUNPATH_SEARCH_PATHS = "$(inherited) @executable_path/Frameworks";
				PRODUCT_NAME = "$(TARGET_NAME)";
			};
			name = Debug;
		};
		FC7C0AFC1CC108470064776A /* Release */ = {
			isa = XCBuildConfiguration;
			buildSettings = {
				ASSETCATALOG_COMPILER_APPICON_NAME = AppIcon;
				INFOPLIST_FILE = Estimation/Info.plist;
				LD_RUNPATH_SEARCH_PATHS = "$(inherited) @executable_path/Frameworks";
				PRODUCT_NAME = "$(TARGET_NAME)";
			};
			name = Release;
		};
		FC7C0AFE1CC108470064776A /* Debug */ = {
			isa = XCBuildConfiguration;
			buildSettings = {
				BUNDLE_LOADER = "$(TEST_HOST)";
				FRAMEWORK_SEARCH_PATHS = (
					"$(SDKROOT)/Developer/Library/Frameworks",
					"$(inherited)",
				);
				GCC_PREPROCESSOR_DEFINITIONS = (
					"DEBUG=1",
					"$(inherited)",
				);
				INFOPLIST_FILE = EstimationTests/Info.plist;
				LD_RUNPATH_SEARCH_PATHS = "$(inherited) @executable_path/Frameworks @loader_path/Frameworks";
				PRODUCT_NAME = "$(TARGET_NAME)";
				TEST_HOST = "$(BUILT_PRODUCTS_DIR)/Estimation.app/Estimation";
			};
			name = Debug;
		};
		FC7C0AFF1CC108470064776A /* Release */ = {
			isa = XCBuildConfiguration;
			buildSettings = {
				BUNDLE_LOADER = "$(TEST_HOST)";
				FRAMEWORK_SEARCH_PATHS = (
					"$(SDKROOT)/Developer/Library/Frameworks",
					"$(inherited)",
				);
				INFOPLIST_FILE = EstimationTests/Info.plist;
				LD_RUNPATH_SEARCH_PATHS = "$(inherited) @executable_path/Frameworks @loader_path/Frameworks";
				PRODUCT_NAME = "$(TARGET_NAME)";
				TEST_HOST = "$(BUILT_PRODUCTS_DIR)/Estimation.app/Estimation";
			};
			name = Release;
		};
/* End XCBuildConfiguration section */

/* Begin XCConfigurationList section */
		FC7C0AD21CC108470064776A /* Build configuration list for PBXProject "Estimation" */ = {
			isa = XCConfigurationList;
			buildConfigurations = (
				FC7C0AF81CC108470064776A /* Debug */,
				FC7C0AF91CC108470064776A /* Release */,
			);
			defaultConfigurationIsVisible = 0;
			defaultConfigurationName = Release;
		};
		FC7C0AFA1CC108470064776A /* Build configuration list for PBXNativeTarget "Estimation" */ = {
			isa = XCConfigurationList;
			buildConfigurations = (
				FC7C0AFB1CC108470064776A /* Debug */,
				FC7C0AFC1CC108470064776A /* Release */,
			);
			defaultConfigurationIsVisible = 0;
		};
		FC7C0AFD1CC108470064776A /* Build configuration list for PBXNativeTarget "EstimationTests" */ = {
			isa = XCConfigurationList;
			buildConfigurations = (
				FC7C0AFE1CC108470064776A /* Debug */,
				FC7C0AFF1CC108470064776A /* Release */,
			);
			defaultConfigurationIsVisible = 0;
		};
/* End XCConfigurationList section */
	};
	rootObject = FC7C0ACF1CC108470064776A /* Project object */;
}
